
Microsoft Visual Studio Solution File, Format Version 12.00
# Visual Studio Version 17
VisualStudioVersion = 17.5.33530.505
MinimumVisualStudioVersion = 10.0.40219.1
Project("{FAE04EC0-301F-11D3-BF4B-00C04F79EFBC}") = "Recuperacion de contraseña", "Recuperacion de contraseña\Recuperacion de contraseña.csproj", "{EBE88011-B6A0-4E83-9F31-7ADCD29BACE5}"
EndProject
Global
	GlobalSection(SolutionConfigurationPlatforms) = preSolution
		Debug|Any CPU = Debug|Any CPU
		Release|Any CPU = Release|Any CPU
	EndGlobalSection
	GlobalSection(ProjectConfigurationPlatforms) = postSolution
		{EBE88011-B6A0-4E83-9F31-7ADCD29BACE5}.Debug|Any CPU.ActiveCfg = Debug|Any CPU
		{EBE88011-B6A0-4E83-9F31-7ADCD29BACE5}.Debug|Any CPU.Build.0 = Debug|Any CPU
		{EBE88011-B6A0-4E83-9F31-7ADCD29BACE5}.Release|Any CPU.ActiveCfg = Release|Any CPU
		{EBE88011-B6A0-4E83-9F31-7ADCD29BACE5}.Release|Any CPU.Build.0 = Release|Any CPU
	EndGlobalSection
	GlobalSection(SolutionProperties) = preSolution
		HideSolutionNode = FALSE
	EndGlobalSection
	GlobalSection(ExtensibilityGlobals) = postSolution
		SolutionGuid = {DB9743D0-46F8-4184-9995-B1C391A3ACDF}
	EndGlobalSection
EndGlobal
